
Microsoft Visual Studio Solution File, Format Version 12.00
# Visual Studio 15
VisualStudioVersion = 15.0.28307.1169
MinimumVisualStudioVersion = 10.0.40219.1
Project("{FAE04EC0-301F-11D3-BF4B-00C04F79EFBC}") = "SAPEmulator", "SAPEmulator\SAPEmulator.csproj", "{F45B1A55-939C-4A2D-9450-40C3E55A50D8}"
EndProject
Global
	GlobalSection(SolutionConfigurationPlatforms) = preSolution
		Debug|Any CPU = Debug|Any CPU
		Release|Any CPU = Release|Any CPU
	EndGlobalSection
	GlobalSection(ProjectConfigurationPlatforms) = postSolution
		{F45B1A55-939C-4A2D-9450-40C3E55A50D8}.Debug|Any CPU.ActiveCfg = Debug|Any CPU
		{F45B1A55-939C-4A2D-9450-40C3E55A50D8}.Debug|Any CPU.Build.0 = Debug|Any CPU
		{F45B1A55-939C-4A2D-9450-40C3E55A50D8}.Release|Any CPU.ActiveCfg = Release|Any CPU
		{F45B1A55-939C-4A2D-9450-40C3E55A50D8}.Release|Any CPU.Build.0 = Release|Any CPU
	EndGlobalSection
	GlobalSection(SolutionProperties) = preSolution
		HideSolutionNode = FALSE
	EndGlobalSection
	GlobalSection(ExtensibilityGlobals) = postSolution
		SolutionGuid = {2610A9B0-C59D-4FE4-93B5-D35C438F011D}
	EndGlobalSection
EndGlobal
